
Microsoft Visual Studio Solution File, Format Version 12.00
Project("{FAE04EC0-301F-11D3-BF4B-00C04F79EFBC}") = "HomeRunTracker.Backend", "HomeRunTracker.Backend\HomeRunTracker.Backend.csproj", "{3367DA14-BA7B-4B2B-9798-ADB3707055F2}"
EndProject
Project("{FAE04EC0-301F-11D3-BF4B-00C04F79EFBC}") = "HomeRunTracker.Common", "HomeRunTracker.Common\HomeRunTracker.Common.csproj", "{3BA66BA8-45A8-43BE-813C-687EA6A2897A}"
EndProject
Project("{FAE04EC0-301F-11D3-BF4B-00C04F79EFBC}") = "HomeRunTracker.Frontend", "HomeRunTracker.Frontend\HomeRunTracker.Frontend.csproj", "{CCCE0210-A5D6-4134-98F5-B2D313DAF1FC}"
EndProject
Project("{FAE04EC0-301F-11D3-BF4B-00C04F79EFBC}") = "HomeRunTracker.LeverageIndex", "HomeRunTracker.LeverageIndex\HomeRunTracker.LeverageIndex.csproj", "{9613EE31-A447-4C91-9473-BCD1BB5292C9}"
EndProject
Global
	GlobalSection(SolutionConfigurationPlatforms) = preSolution
		Debug|Any CPU = Debug|Any CPU
		Release|Any CPU = Release|Any CPU
	EndGlobalSection
	GlobalSection(ProjectConfigurationPlatforms) = postSolution
		{3367DA14-BA7B-4B2B-9798-ADB3707055F2}.Debug|Any CPU.ActiveCfg = Debug|Any CPU
		{3367DA14-BA7B-4B2B-9798-ADB3707055F2}.Debug|Any CPU.Build.0 = Debug|Any CPU
		{3367DA14-BA7B-4B2B-9798-ADB3707055F2}.Release|Any CPU.ActiveCfg = Release|Any CPU
		{3367DA14-BA7B-4B2B-9798-ADB3707055F2}.Release|Any CPU.Build.0 = Release|Any CPU
		{3BA66BA8-45A8-43BE-813C-687EA6A2897A}.Debug|Any CPU.ActiveCfg = Debug|Any CPU
		{3BA66BA8-45A8-43BE-813C-687EA6A2897A}.Debug|Any CPU.Build.0 = Debug|Any CPU
		{3BA66BA8-45A8-43BE-813C-687EA6A2897A}.Release|Any CPU.ActiveCfg = Release|Any CPU
		{3BA66BA8-45A8-43BE-813C-687EA6A2897A}.Release|Any CPU.Build.0 = Release|Any CPU
		{CCCE0210-A5D6-4134-98F5-B2D313DAF1FC}.Debug|Any CPU.ActiveCfg = Debug|Any CPU
		{CCCE0210-A5D6-4134-98F5-B2D313DAF1FC}.Debug|Any CPU.Build.0 = Debug|Any CPU
		{CCCE0210-A5D6-4134-98F5-B2D313DAF1FC}.Release|Any CPU.ActiveCfg = Release|Any CPU
		{CCCE0210-A5D6-4134-98F5-B2D313DAF1FC}.Release|Any CPU.Build.0 = Release|Any CPU
		{9613EE31-A447-4C91-9473-BCD1BB5292C9}.Debug|Any CPU.ActiveCfg = Debug|Any CPU
		{9613EE31-A447-4C91-9473-BCD1BB5292C9}.Debug|Any CPU.Build.0 = Debug|Any CPU
		{9613EE31-A447-4C91-9473-BCD1BB5292C9}.Release|Any CPU.ActiveCfg = Release|Any CPU
		{9613EE31-A447-4C91-9473-BCD1BB5292C9}.Release|Any CPU.Build.0 = Release|Any CPU
	EndGlobalSection
EndGlobal
